
Microsoft Visual Studio Solution File, Format Version 12.00
# Visual Studio 15
VisualStudioVersion = 15.0.26730.3
MinimumVisualStudioVersion = 10.0.40219.1
Project("{FAE04EC0-301F-11D3-BF4B-00C04F79EFBC}") = "SAPKIS lab screenshot", "SAPKIS lab screenshot.csproj", "{ED500995-FF8F-44C9-AC71-628348EF1893}"
EndProject
Global
	GlobalSection(SolutionConfigurationPlatforms) = preSolution
		Debug|Any CPU = Debug|Any CPU
		Release|Any CPU = Release|Any CPU
	EndGlobalSection
	GlobalSection(ProjectConfigurationPlatforms) = postSolution
		{ED500995-FF8F-44C9-AC71-628348EF1893}.Debug|Any CPU.ActiveCfg = Debug|Any CPU
		{ED500995-FF8F-44C9-AC71-628348EF1893}.Debug|Any CPU.Build.0 = Debug|Any CPU
		{ED500995-FF8F-44C9-AC71-628348EF1893}.Release|Any CPU.ActiveCfg = Release|Any CPU
		{ED500995-FF8F-44C9-AC71-628348EF1893}.Release|Any CPU.Build.0 = Release|Any CPU
	EndGlobalSection
	GlobalSection(SolutionProperties) = preSolution
		HideSolutionNode = FALSE
	EndGlobalSection
	GlobalSection(ExtensibilityGlobals) = postSolution
		SolutionGuid = {C21C44AE-DCDF-45F5-88A8-97DB4A827E71}
	EndGlobalSection
EndGlobal
